// !$*UTF8*$!
{
	archiveVersion = 1;
	classes = {
	};
	objectVersion = 48;
	objects = {

/* Begin PBXBuildFile section */
		40122EBF1FA00B29001AA48A /* MatrixMath.swift in Sources */ = {isa = PBXBuildFile; fileRef = 40122EBE1FA00B29001AA48A /* MatrixMath.swift */; };
		40122EC11FA01345001AA48A /* Utilities.swift in Sources */ = {isa = PBXBuildFile; fileRef = 40122EC01FA01345001AA48A /* Utilities.swift */; };
		40122ED01FA0135C001AA48A /* youlose.png in Resources */ = {isa = PBXBuildFile; fileRef = 40122EC41FA0135C001AA48A /* youlose.png */; };
		40122ED11FA0135C001AA48A /* border.png in Resources */ = {isa = PBXBuildFile; fileRef = 40122EC51FA0135C001AA48A /* border.png */; };
		40122ED21FA0135C001AA48A /* ball.png in Resources */ = {isa = PBXBuildFile; fileRef = 40122EC61FA0135C001AA48A /* ball.png */; };
		40122ED31FA0135C001AA48A /* paddle.obj in Resources */ = {isa = PBXBuildFile; fileRef = 40122EC71FA0135C001AA48A /* paddle.obj */; };
		40122ED41FA0135C001AA48A /* youwin.png in Resources */ = {isa = PBXBuildFile; fileRef = 40122EC81FA0135C001AA48A /* youwin.png */; };
		40122ED51FA0135C001AA48A /* youwin.obj in Resources */ = {isa = PBXBuildFile; fileRef = 40122EC91FA0135C001AA48A /* youwin.obj */; };
		40122ED61FA0135C001AA48A /* paddle.png in Resources */ = {isa = PBXBuildFile; fileRef = 40122ECA1FA0135C001AA48A /* paddle.png */; };
		40122ED71FA0135C001AA48A /* ball.obj in Resources */ = {isa = PBXBuildFile; fileRef = 40122ECB1FA0135C001AA48A /* ball.obj */; };
		40122ED81FA0135C001AA48A /* border.obj in Resources */ = {isa = PBXBuildFile; fileRef = 40122ECC1FA0135C001AA48A /* border.obj */; };
		40122ED91FA0135C001AA48A /* youlose.obj in Resources */ = {isa = PBXBuildFile; fileRef = 40122ECD1FA0135C001AA48A /* youlose.obj */; };
		40122EDA1FA0135C001AA48A /* brick.obj in Resources */ = {isa = PBXBuildFile; fileRef = 40122ECE1FA0135C001AA48A /* brick.obj */; };
		40122EDB1FA0135C001AA48A /* brick.png in Resources */ = {isa = PBXBuildFile; fileRef = 40122ECF1FA0135C001AA48A /* brick.png */; };
		40122EE61FA0138B001AA48A /* Cube.swift in Sources */ = {isa = PBXBuildFile; fileRef = 40122EDD1FA0138B001AA48A /* Cube.swift */; };
		40122EE71FA0138B001AA48A /* Primitive.swift in Sources */ = {isa = PBXBuildFile; fileRef = 40122EDE1FA0138B001AA48A /* Primitive.swift */; };
		40122EE81FA0138B001AA48A /* Plane.swift in Sources */ = {isa = PBXBuildFile; fileRef = 40122EDF1FA0138B001AA48A /* Plane.swift */; };
		40122EE91FA0138B001AA48A /* Model.swift in Sources */ = {isa = PBXBuildFile; fileRef = 40122EE01FA0138B001AA48A /* Model.swift */; };
		40122EEA1FA0138B001AA48A /* Node.swift in Sources */ = {isa = PBXBuildFile; fileRef = 40122EE11FA0138B001AA48A /* Node.swift */; };
		40122EEB1FA0138B001AA48A /* Camera.swift in Sources */ = {isa = PBXBuildFile; fileRef = 40122EE21FA0138B001AA48A /* Camera.swift */; };
		40122EEC1FA0138B001AA48A /* Texturable.swift in Sources */ = {isa = PBXBuildFile; fileRef = 40122EE31FA0138B001AA48A /* Texturable.swift */; };
		40122EED1FA0138B001AA48A /* Renderable.swift in Sources */ = {isa = PBXBuildFile; fileRef = 40122EE41FA0138B001AA48A /* Renderable.swift */; };
		40122EEE1FA0138B001AA48A /* Instance.swift in Sources */ = {isa = PBXBuildFile; fileRef = 40122EE51FA0138B001AA48A /* Instance.swift */; };
		40122EF21FA01420001AA48A /* Shader.metal in Sources */ = {isa = PBXBuildFile; fileRef = 40122EEF1FA0141F001AA48A /* Shader.metal */; };
		40122EF31FA01420001AA48A /* Types.swift in Sources */ = {isa = PBXBuildFile; fileRef = 40122EF01FA0141F001AA48A /* Types.swift */; };
		40122EF41FA01420001AA48A /* Renderer.swift in Sources */ = {isa = PBXBuildFile; fileRef = 40122EF11FA0141F001AA48A /* Renderer.swift */; };
		40122EFC1FA01518001AA48A /* Scene.swift in Sources */ = {isa = PBXBuildFile; fileRef = 40122EF51FA01517001AA48A /* Scene.swift */; };
		40122EFD1FA01518001AA48A /* LandscapeScene.swift in Sources */ = {isa = PBXBuildFile; fileRef = 40122EF61FA01517001AA48A /* LandscapeScene.swift */; };
		40122EFE1FA01518001AA48A /* GameOverScene.swift in Sources */ = {isa = PBXBuildFile; fileRef = 40122EF71FA01518001AA48A /* GameOverScene.swift */; };
		40122EFF1FA01518001AA48A /* InstanceScene.swift in Sources */ = {isa = PBXBuildFile; fileRef = 40122EF81FA01518001AA48A /* InstanceScene.swift */; };
		40122F001FA01518001AA48A /* GameScene.swift in Sources */ = {isa = PBXBuildFile; fileRef = 40122EF91FA01518001AA48A /* GameScene.swift */; };
		40122F011FA01518001AA48A /* CrowdScene.swift in Sources */ = {isa = PBXBuildFile; fileRef = 40122EFA1FA01518001AA48A /* CrowdScene.swift */; };
		40122F021FA01518001AA48A /* LightingScene.swift in Sources */ = {isa = PBXBuildFile; fileRef = 40122EFB1FA01518001AA48A /* LightingScene.swift */; };
		40B8F1571F9FFB770063DB3B /* picture.png in Resources */ = {isa = PBXBuildFile; fileRef = 40B8F1541F9FFB770063DB3B /* picture.png */; };
		40B8F1581F9FFB770063DB3B /* picture-frame.png in Resources */ = {isa = PBXBuildFile; fileRef = 40B8F1551F9FFB770063DB3B /* picture-frame.png */; };
		40B8F1591F9FFB770063DB3B /* picture-frame-mask.png in Resources */ = {isa = PBXBuildFile; fileRef = 40B8F1561F9FFB770063DB3B /* picture-frame-mask.png */; };
		40BA3A611F9F4A3E0086825F /* AppDelegate.swift in Sources */ = {isa = PBXBuildFile; fileRef = 40BA3A601F9F4A3E0086825F /* AppDelegate.swift */; };
		40BA3A631F9F4A3E0086825F /* ViewController.swift in Sources */ = {isa = PBXBuildFile; fileRef = 40BA3A621F9F4A3E0086825F /* ViewController.swift */; };
		40BA3A661F9F4A3E0086825F /* Main.storyboard in Resources */ = {isa = PBXBuildFile; fileRef = 40BA3A641F9F4A3E0086825F /* Main.storyboard */; };
		40BA3A681F9F4A3E0086825F /* Assets.xcassets in Resources */ = {isa = PBXBuildFile; fileRef = 40BA3A671F9F4A3E0086825F /* Assets.xcassets */; };
		40BA3A6B1F9F4A3E0086825F /* LaunchScreen.storyboard in Resources */ = {isa = PBXBuildFile; fileRef = 40BA3A691F9F4A3E0086825F /* LaunchScreen.storyboard */; };
		40BA3A761F9F4A3E0086825F /* Metal3DEngineDemoTests.swift in Sources */ = {isa = PBXBuildFile; fileRef = 40BA3A751F9F4A3E0086825F /* Metal3DEngineDemoTests.swift */; };
		40BA3A811F9F4A3E0086825F /* Metal3DEngineDemoUITests.swift in Sources */ = {isa = PBXBuildFile; fileRef = 40BA3A801F9F4A3E0086825F /* Metal3DEngineDemoUITests.swift */; };
/* End PBXBuildFile section */

/* Begin PBXContainerItemProxy section */
		40BA3A721F9F4A3E0086825F /* PBXContainerItemProxy */ = {
			isa = PBXContainerItemProxy;
			containerPortal = 40BA3A551F9F4A3E0086825F /* Project object */;
			proxyType = 1;
			remoteGlobalIDString = 40BA3A5C1F9F4A3E0086825F;
			remoteInfo = Metal3DEngineDemo;
		};
		40BA3A7D1F9F4A3E0086825F /* PBXContainerItemProxy */ = {
			isa = PBXContainerItemProxy;
			containerPortal = 40BA3A551F9F4A3E0086825F /* Project object */;
			proxyType = 1;
			remoteGlobalIDString = 40BA3A5C1F9F4A3E0086825F;
			remoteInfo = Metal3DEngineDemo;
		};
/* End PBXContainerItemProxy section */

/* Begin PBXFileReference section */
		40122EBE1FA00B29001AA48A /* MatrixMath.swift */ = {isa = PBXFileReference; fileEncoding = 4; lastKnownFileType = sourcecode.swift; path = MatrixMath.swift; sourceTree = "<group>"; };
		40122EC01FA01345001AA48A /* Utilities.swift */ = {isa = PBXFileReference; fileEncoding = 4; lastKnownFileType = sourcecode.swift; path = Utilities.swift; sourceTree = "<group>"; };
		40122EC41FA0135C001AA48A /* youlose.png */ = {isa = PBXFileReference; lastKnownFileType = image.png; path = youlose.png; sourceTree = "<group>"; };
		40122EC51FA0135C001AA48A /* border.png */ = {isa = PBXFileReference; lastKnownFileType = image.png; path = border.png; sourceTree = "<group>"; };
		40122EC61FA0135C001AA48A /* ball.png */ = {isa = PBXFileReference; lastKnownFileType = image.png; path = ball.png; sourceTree = "<group>"; };
		40122EC71FA0135C001AA48A /* paddle.obj */ = {isa = PBXFileReference; fileEncoding = 4; lastKnownFileType = text; path = paddle.obj; sourceTree = "<group>"; };
		40122EC81FA0135C001AA48A /* youwin.png */ = {isa = PBXFileReference; lastKnownFileType = image.png; path = youwin.png; sourceTree = "<group>"; };
		40122EC91FA0135C001AA48A /* youwin.obj */ = {isa = PBXFileReference; fileEncoding = 4; lastKnownFileType = text; path = youwin.obj; sourceTree = "<group>"; };
		40122ECA1FA0135C001AA48A /* paddle.png */ = {isa = PBXFileReference; lastKnownFileType = image.png; path = paddle.png; sourceTree = "<group>"; };
		40122ECB1FA0135C001AA48A /* ball.obj */ = {isa = PBXFileReference; fileEncoding = 4; lastKnownFileType = text; path = ball.obj; sourceTree = "<group>"; };
		40122ECC1FA0135C001AA48A /* border.obj */ = {isa = PBXFileReference; fileEncoding = 4; lastKnownFileType = text; path = border.obj; sourceTree = "<group>"; };
		40122ECD1FA0135C001AA48A /* youlose.obj */ = {isa = PBXFileReference; fileEncoding = 4; lastKnownFileType = text; path = youlose.obj; sourceTree = "<group>"; };
		40122ECE1FA0135C001AA48A /* brick.obj */ = {isa = PBXFileReference; fileEncoding = 4; lastKnownFileType = text; path = brick.obj; sourceTree = "<group>"; };
		40122ECF1FA0135C001AA48A /* brick.png */ = {isa = PBXFileReference; lastKnownFileType = image.png; path = brick.png; sourceTree = "<group>"; };
		40122EDD1FA0138B001AA48A /* Cube.swift */ = {isa = PBXFileReference; fileEncoding = 4; lastKnownFileType = sourcecode.swift; path = Cube.swift; sourceTree = "<group>"; };
		40122EDE1FA0138B001AA48A /* Primitive.swift */ = {isa = PBXFileReference; fileEncoding = 4; lastKnownFileType = sourcecode.swift; path = Primitive.swift; sourceTree = "<group>"; };
		40122EDF1FA0138B001AA48A /* Plane.swift */ = {isa = PBXFileReference; fileEncoding = 4; lastKnownFileType = sourcecode.swift; path = Plane.swift; sourceTree = "<group>"; };
		40122EE01FA0138B001AA48A /* Model.swift */ = {isa = PBXFileReference; fileEncoding = 4; lastKnownFileType = sourcecode.swift; path = Model.swift; sourceTree = "<group>"; };
		40122EE11FA0138B001AA48A /* Node.swift */ = {isa = PBXFileReference; fileEncoding = 4; lastKnownFileType = sourcecode.swift; path = Node.swift; sourceTree = "<group>"; };
		40122EE21FA0138B001AA48A /* Camera.swift */ = {isa = PBXFileReference; fileEncoding = 4; lastKnownFileType = sourcecode.swift; path = Camera.swift; sourceTree = "<group>"; };
		40122EE31FA0138B001AA48A /* Texturable.swift */ = {isa = PBXFileReference; fileEncoding = 4; lastKnownFileType = sourcecode.swift; path = Texturable.swift; sourceTree = "<group>"; };
		40122EE41FA0138B001AA48A /* Renderable.swift */ = {isa = PBXFileReference; fileEncoding = 4; lastKnownFileType = sourcecode.swift; path = Renderable.swift; sourceTree = "<group>"; };
		40122EE51FA0138B001AA48A /* Instance.swift */ = {isa = PBXFileReference; fileEncoding = 4; lastKnownFileType = sourcecode.swift; path = Instance.swift; sourceTree = "<group>"; };
		40122EEF1FA0141F001AA48A /* Shader.metal */ = {isa = PBXFileReference; fileEncoding = 4; lastKnownFileType = sourcecode.metal; path = Shader.metal; sourceTree = "<group>"; };
		40122EF01FA0141F001AA48A /* Types.swift */ = {isa = PBXFileReference; fileEncoding = 4; lastKnownFileType = sourcecode.swift; path = Types.swift; sourceTree = "<group>"; };
		40122EF11FA0141F001AA48A /* Renderer.swift */ = {isa = PBXFileReference; fileEncoding = 4; lastKnownFileType = sourcecode.swift; path = Renderer.swift; sourceTree = "<group>"; };
		40122EF51FA01517001AA48A /* Scene.swift */ = {isa = PBXFileReference; fileEncoding = 4; lastKnownFileType = sourcecode.swift; path = Scene.swift; sourceTree = "<group>"; };
		40122EF61FA01517001AA48A /* LandscapeScene.swift */ = {isa = PBXFileReference; fileEncoding = 4; lastKnownFileType = sourcecode.swift; path = LandscapeScene.swift; sourceTree = "<group>"; };
		40122EF71FA01518001AA48A /* GameOverScene.swift */ = {isa = PBXFileReference; fileEncoding = 4; lastKnownFileType = sourcecode.swift; path = GameOverScene.swift; sourceTree = "<group>"; };
		40122EF81FA01518001AA48A /* InstanceScene.swift */ = {isa = PBXFileReference; fileEncoding = 4; lastKnownFileType = sourcecode.swift; path = InstanceScene.swift; sourceTree = "<group>"; };
		40122EF91FA01518001AA48A /* GameScene.swift */ = {isa = PBXFileReference; fileEncoding = 4; lastKnownFileType = sourcecode.swift; path = GameScene.swift; sourceTree = "<group>"; };
		40122EFA1FA01518001AA48A /* CrowdScene.swift */ = {isa = PBXFileReference; fileEncoding = 4; lastKnownFileType = sourcecode.swift; path = CrowdScene.swift; sourceTree = "<group>"; };
		40122EFB1FA01518001AA48A /* LightingScene.swift */ = {isa = PBXFileReference; fileEncoding = 4; lastKnownFileType = sourcecode.swift; path = LightingScene.swift; sourceTree = "<group>"; };
		40B8F1541F9FFB770063DB3B /* picture.png */ = {isa = PBXFileReference; lastKnownFileType = image.png; path = picture.png; sourceTree = "<group>"; };
		40B8F1551F9FFB770063DB3B /* picture-frame.png */ = {isa = PBXFileReference; lastKnownFileType = image.png; path = "picture-frame.png"; sourceTree = "<group>"; };
		40B8F1561F9FFB770063DB3B /* picture-frame-mask.png */ = {isa = PBXFileReference; lastKnownFileType = image.png; path = "picture-frame-mask.png"; sourceTree = "<group>"; };
		40BA3A5D1F9F4A3E0086825F /* Metal3DEngineDemo.app */ = {isa = PBXFileReference; explicitFileType = wrapper.application; includeInIndex = 0; path = Metal3DEngineDemo.app; sourceTree = BUILT_PRODUCTS_DIR; };
		40BA3A601F9F4A3E0086825F /* AppDelegate.swift */ = {isa = PBXFileReference; lastKnownFileType = sourcecode.swift; path = AppDelegate.swift; sourceTree = "<group>"; };
		40BA3A621F9F4A3E0086825F /* ViewController.swift */ = {isa = PBXFileReference; lastKnownFileType = sourcecode.swift; path = ViewController.swift; sourceTree = "<group>"; };
		40BA3A651F9F4A3E0086825F /* Base */ = {isa = PBXFileReference; lastKnownFileType = file.storyboard; name = Base; path = Base.lproj/Main.storyboard; sourceTree = "<group>"; };
		40BA3A671F9F4A3E0086825F /* Assets.xcassets */ = {isa = PBXFileReference; lastKnownFileType = folder.assetcatalog; path = Assets.xcassets; sourceTree = "<group>"; };
		40BA3A6A1F9F4A3E0086825F /* Base */ = {isa = PBXFileReference; lastKnownFileType = file.storyboard; name = Base; path = Base.lproj/LaunchScreen.storyboard; sourceTree = "<group>"; };
		40BA3A6C1F9F4A3E0086825F /* Info.plist */ = {isa = PBXFileReference; lastKnownFileType = text.plist.xml; path = Info.plist; sourceTree = "<group>"; };
		40BA3A711F9F4A3E0086825F /* Metal3DEngineDemoTests.xctest */ = {isa = PBXFileReference; explicitFileType = wrapper.cfbundle; includeInIndex = 0; path = Metal3DEngineDemoTests.xctest; sourceTree = BUILT_PRODUCTS_DIR; };
		40BA3A751F9F4A3E0086825F /* Metal3DEngineDemoTests.swift */ = {isa = PBXFileReference; lastKnownFileType = sourcecode.swift; path = Metal3DEngineDemoTests.swift; sourceTree = "<group>"; };
		40BA3A771F9F4A3E0086825F /* Info.plist */ = {isa = PBXFileReference; lastKnownFileType = text.plist.xml; path = Info.plist; sourceTree = "<group>"; };
		40BA3A7C1F9F4A3E0086825F /* Metal3DEngineDemoUITests.xctest */ = {isa = PBXFileReference; explicitFileType = wrapper.cfbundle; includeInIndex = 0; path = Metal3DEngineDemoUITests.xctest; sourceTree = BUILT_PRODUCTS_DIR; };
		40BA3A801F9F4A3E0086825F /* Metal3DEngineDemoUITests.swift */ = {isa = PBXFileReference; lastKnownFileType = sourcecode.swift; path = Metal3DEngineDemoUITests.swift; sourceTree = "<group>"; };
		40BA3A821F9F4A3E0086825F /* Info.plist */ = {isa = PBXFileReference; lastKnownFileType = text.plist.xml; path = Info.plist; sourceTree = "<group>"; };
/* End PBXFileReference section */

/* Begin PBXFrameworksBuildPhase section */
		40BA3A5A1F9F4A3E0086825F /* Frameworks */ = {
			isa = PBXFrameworksBuildPhase;
			buildActionMask = 2147483647;
			files = (
			);
			runOnlyForDeploymentPostprocessing = 0;
		};
		40BA3A6E1F9F4A3E0086825F /* Frameworks */ = {
			isa = PBXFrameworksBuildPhase;
			buildActionMask = 2147483647;
			files = (
			);
			runOnlyForDeploymentPostprocessing = 0;
		};
		40BA3A791F9F4A3E0086825F /* Frameworks */ = {
			isa = PBXFrameworksBuildPhase;
			buildActionMask = 2147483647;
			files = (
			);
			runOnlyForDeploymentPostprocessing = 0;
		};
/* End PBXFrameworksBuildPhase section */

/* Begin PBXGroup section */
		40122EC21FA01353001AA48A /* Resources */ = {
			isa = PBXGroup;
			children = (
				40122EDC1FA01379001AA48A /* Util */,
				40122EC31FA0135C001AA48A /* Game Models */,
			);
			path = Resources;
			sourceTree = "<group>";
		};
		40122EC31FA0135C001AA48A /* Game Models */ = {
			isa = PBXGroup;
			children = (
				40122EC41FA0135C001AA48A /* youlose.png */,
				40122EC51FA0135C001AA48A /* border.png */,
				40122EC61FA0135C001AA48A /* ball.png */,
				40122EC71FA0135C001AA48A /* paddle.obj */,
				40122EC81FA0135C001AA48A /* youwin.png */,
				40122EC91FA0135C001AA48A /* youwin.obj */,
				40122ECA1FA0135C001AA48A /* paddle.png */,
				40122ECB1FA0135C001AA48A /* ball.obj */,
				40122ECC1FA0135C001AA48A /* border.obj */,
				40122ECD1FA0135C001AA48A /* youlose.obj */,
				40122ECE1FA0135C001AA48A /* brick.obj */,
				40122ECF1FA0135C001AA48A /* brick.png */,
			);
			path = "Game Models";
			sourceTree = "<group>";
		};
		40122EDC1FA01379001AA48A /* Util */ = {
			isa = PBXGroup;
			children = (
				40122EF11FA0141F001AA48A /* Renderer.swift */,
				40122EEF1FA0141F001AA48A /* Shader.metal */,
				40122EF01FA0141F001AA48A /* Types.swift */,
				40122EC01FA01345001AA48A /* Utilities.swift */,
				40122EBE1FA00B29001AA48A /* MatrixMath.swift */,
			);
			path = Util;
			sourceTree = "<group>";
		};
		40B8F1441F9F81D80063DB3B /* Scene */ = {
			isa = PBXGroup;
			children = (
				40122EF51FA01517001AA48A /* Scene.swift */,
				40122EF91FA01518001AA48A /* GameScene.swift */,
				40122EF71FA01518001AA48A /* GameOverScene.swift */,
				40122EF61FA01517001AA48A /* LandscapeScene.swift */,
				40122EFA1FA01518001AA48A /* CrowdScene.swift */,
				40122EF81FA01518001AA48A /* InstanceScene.swift */,
				40122EFB1FA01518001AA48A /* LightingScene.swift */,
			);
			path = Scene;
			sourceTree = "<group>";
		};
		40B8F1451F9F81DE0063DB3B /* Node */ = {
			isa = PBXGroup;
			children = (
				40122EE21FA0138B001AA48A /* Camera.swift */,
				40122EDD1FA0138B001AA48A /* Cube.swift */,
				40122EE51FA0138B001AA48A /* Instance.swift */,
				40122EE01FA0138B001AA48A /* Model.swift */,
				40122EE11FA0138B001AA48A /* Node.swift */,
				40122EDF1FA0138B001AA48A /* Plane.swift */,
				40122EDE1FA0138B001AA48A /* Primitive.swift */,
				40122EE41FA0138B001AA48A /* Renderable.swift */,
				40122EE31FA0138B001AA48A /* Texturable.swift */,
			);
			path = Node;
			sourceTree = "<group>";
		};
		40BA3A541F9F4A3E0086825F = {
			isa = PBXGroup;
			children = (
				40BA3A5F1F9F4A3E0086825F /* Metal3DEngineDemo */,
				40BA3A741F9F4A3E0086825F /* Metal3DEngineDemoTests */,
				40BA3A7F1F9F4A3E0086825F /* Metal3DEngineDemoUITests */,
				40BA3A5E1F9F4A3E0086825F /* Products */,
			);
			sourceTree = "<group>";
		};
		40BA3A5E1F9F4A3E0086825F /* Products */ = {
			isa = PBXGroup;
			children = (
				40BA3A5D1F9F4A3E0086825F /* Metal3DEngineDemo.app */,
				40BA3A711F9F4A3E0086825F /* Metal3DEngineDemoTests.xctest */,
				40BA3A7C1F9F4A3E0086825F /* Metal3DEngineDemoUITests.xctest */,
			);
			name = Products;
			sourceTree = "<group>";
		};
		40BA3A5F1F9F4A3E0086825F /* Metal3DEngineDemo */ = {
			isa = PBXGroup;
			children = (
				40B8F1561F9FFB770063DB3B /* picture-frame-mask.png */,
				40B8F1551F9FFB770063DB3B /* picture-frame.png */,
				40B8F1541F9FFB770063DB3B /* picture.png */,
				40BA3A901F9F56500086825F /* Engine */,
				40BA3A601F9F4A3E0086825F /* AppDelegate.swift */,
				40BA3A621F9F4A3E0086825F /* ViewController.swift */,
				40BA3A641F9F4A3E0086825F /* Main.storyboard */,
				40BA3A671F9F4A3E0086825F /* Assets.xcassets */,
				40BA3A691F9F4A3E0086825F /* LaunchScreen.storyboard */,
				40BA3A6C1F9F4A3E0086825F /* Info.plist */,
			);
			path = Metal3DEngineDemo;
			sourceTree = "<group>";
		};
		40BA3A741F9F4A3E0086825F /* Metal3DEngineDemoTests */ = {
			isa = PBXGroup;
			children = (
				40BA3A751F9F4A3E0086825F /* Metal3DEngineDemoTests.swift */,
				40BA3A771F9F4A3E0086825F /* Info.plist */,
			);
			path = Metal3DEngineDemoTests;
			sourceTree = "<group>";
		};
		40BA3A7F1F9F4A3E0086825F /* Metal3DEngineDemoUITests */ = {
			isa = PBXGroup;
			children = (
				40BA3A801F9F4A3E0086825F /* Metal3DEngineDemoUITests.swift */,
				40BA3A821F9F4A3E0086825F /* Info.plist */,
			);
			path = Metal3DEngineDemoUITests;
			sourceTree = "<group>";
		};
		40BA3A901F9F56500086825F /* Engine */ = {
			isa = PBXGroup;
			children = (
				40122EC21FA01353001AA48A /* Resources */,
				40B8F1451F9F81DE0063DB3B /* Node */,
				40B8F1441F9F81D80063DB3B /* Scene */,
			);
			path = Engine;
			sourceTree = "<group>";
		};
/* End PBXGroup section */

/* Begin PBXNativeTarget section */
		40BA3A5C1F9F4A3E0086825F /* Metal3DEngineDemo */ = {
			isa = PBXNativeTarget;
			buildConfigurationList = 40BA3A851F9F4A3E0086825F /* Build configuration list for PBXNativeTarget "Metal3DEngineDemo" */;
			buildPhases = (
				40BA3A591F9F4A3E0086825F /* Sources */,
				40BA3A5A1F9F4A3E0086825F /* Frameworks */,
				40BA3A5B1F9F4A3E0086825F /* Resources */,
			);
			buildRules = (
			);
			dependencies = (
			);
			name = Metal3DEngineDemo;
			productName = Metal3DEngineDemo;
			productReference = 40BA3A5D1F9F4A3E0086825F /* Metal3DEngineDemo.app */;
			productType = "com.apple.product-type.application";
		};
		40BA3A701F9F4A3E0086825F /* Metal3DEngineDemoTests */ = {
			isa = PBXNativeTarget;
			buildConfigurationList = 40BA3A881F9F4A3E0086825F /* Build configuration list for PBXNativeTarget "Metal3DEngineDemoTests" */;
			buildPhases = (
				40BA3A6D1F9F4A3E0086825F /* Sources */,
				40BA3A6E1F9F4A3E0086825F /* Frameworks */,
				40BA3A6F1F9F4A3E0086825F /* Resources */,
			);
			buildRules = (
			);
			dependencies = (
				40BA3A731F9F4A3E0086825F /* PBXTargetDependency */,
			);
			name = Metal3DEngineDemoTests;
			productName = Metal3DEngineDemoTests;
			productReference = 40BA3A711F9F4A3E0086825F /* Metal3DEngineDemoTests.xctest */;
			productType = "com.apple.product-type.bundle.unit-test";
		};
		40BA3A7B1F9F4A3E0086825F /* Metal3DEngineDemoUITests */ = {
			isa = PBXNativeTarget;
			buildConfigurationList = 40BA3A8B1F9F4A3E0086825F /* Build configuration list for PBXNativeTarget "Metal3DEngineDemoUITests" */;
			buildPhases = (
				40BA3A781F9F4A3E0086825F /* Sources */,
				40BA3A791F9F4A3E0086825F /* Frameworks */,
				40BA3A7A1F9F4A3E0086825F /* Resources */,
			);
			buildRules = (
			);
			dependencies = (
				40BA3A7E1F9F4A3E0086825F /* PBXTargetDependency */,
			);
			name = Metal3DEngineDemoUITests;
			productName = Metal3DEngineDemoUITests;
			productReference = 40BA3A7C1F9F4A3E0086825F /* Metal3DEngineDemoUITests.xctest */;
			productType = "com.apple.product-type.bundle.ui-testing";
		};
/* End PBXNativeTarget section */

/* Begin PBXProject section */
		40BA3A551F9F4A3E0086825F /* Project object */ = {
			isa = PBXProject;
			attributes = {
				LastSwiftUpdateCheck = 0900;
				LastUpgradeCheck = 0900;
				ORGANIZATIONNAME = "zang qilong";
				TargetAttributes = {
					40BA3A5C1F9F4A3E0086825F = {
						CreatedOnToolsVersion = 9.0.1;
						ProvisioningStyle = Automatic;
					};
					40BA3A701F9F4A3E0086825F = {
						CreatedOnToolsVersion = 9.0.1;
						ProvisioningStyle = Automatic;
						TestTargetID = 40BA3A5C1F9F4A3E0086825F;
					};
					40BA3A7B1F9F4A3E0086825F = {
						CreatedOnToolsVersion = 9.0.1;
						ProvisioningStyle = Automatic;
						TestTargetID = 40BA3A5C1F9F4A3E0086825F;
					};
				};
			};
			buildConfigurationList = 40BA3A581F9F4A3E0086825F /* Build configuration list for PBXProject "Metal3DEngineDemo" */;
			compatibilityVersion = "Xcode 8.0";
			developmentRegion = en;
			hasScannedForEncodings = 0;
			knownRegions = (
				en,
				Base,
			);
			mainGroup = 40BA3A541F9F4A3E0086825F;
			productRefGroup = 40BA3A5E1F9F4A3E0086825F /* Products */;
			projectDirPath = "";
			projectRoot = "";
			targets = (
				40BA3A5C1F9F4A3E0086825F /* Metal3DEngineDemo */,
				40BA3A701F9F4A3E0086825F /* Metal3DEngineDemoTests */,
				40BA3A7B1F9F4A3E0086825F /* Metal3DEngineDemoUITests */,
			);
		};
/* End PBXProject section */

/* Begin PBXResourcesBuildPhase section */
		40BA3A5B1F9F4A3E0086825F /* Resources */ = {
			isa = PBXResourcesBuildPhase;
			buildActionMask = 2147483647;
			files = (
				40BA3A6B1F9F4A3E0086825F /* LaunchScreen.storyboard in Resources */,
				40122ED41FA0135C001AA48A /* youwin.png in Resources */,
				40122ED71FA0135C001AA48A /* ball.obj in Resources */,
				40122ED31FA0135C001AA48A /* paddle.obj in Resources */,
				40122ED91FA0135C001AA48A /* youlose.obj in Resources */,
				40B8F1581F9FFB770063DB3B /* picture-frame.png in Resources */,
				40122EDA1FA0135C001AA48A /* brick.obj in Resources */,
				40122ED21FA0135C001AA48A /* ball.png in Resources */,
				40BA3A681F9F4A3E0086825F /* Assets.xcassets in Resources */,
				40122ED51FA0135C001AA48A /* youwin.obj in Resources */,
				40122ED11FA0135C001AA48A /* border.png in Resources */,
				40122EDB1FA0135C001AA48A /* brick.png in Resources */,
				40122ED61FA0135C001AA48A /* paddle.png in Resources */,
				40B8F1571F9FFB770063DB3B /* picture.png in Resources */,
				40122ED01FA0135C001AA48A /* youlose.png in Resources */,
				40B8F1591F9FFB770063DB3B /* picture-frame-mask.png in Resources */,
				40BA3A661F9F4A3E0086825F /* Main.storyboard in Resources */,
				40122ED81FA0135C001AA48A /* border.obj in Resources */,
			);
			runOnlyForDeploymentPostprocessing = 0;
		};
		40BA3A6F1F9F4A3E0086825F /* Resources */ = {
			isa = PBXResourcesBuildPhase;
			buildActionMask = 2147483647;
			files = (
			);
			runOnlyForDeploymentPostprocessing = 0;
		};
		40BA3A7A1F9F4A3E0086825F /* Resources */ = {
			isa = PBXResourcesBuildPhase;
			buildActionMask = 2147483647;
			files = (
			);
			runOnlyForDeploymentPostprocessing = 0;
		};
/* End PBXResourcesBuildPhase section */

/* Begin PBXSourcesBuildPhase section */
		40BA3A591F9F4A3E0086825F /* Sources */ = {
			isa = PBXSourcesBuildPhase;
			buildActionMask = 2147483647;
			files = (
				40BA3A631F9F4A3E0086825F /* ViewController.swift in Sources */,
				40122EE91FA0138B001AA48A /* Model.swift in Sources */,
				40122EFF1FA01518001AA48A /* InstanceScene.swift in Sources */,
				40122EF31FA01420001AA48A /* Types.swift in Sources */,
				40122EEC1FA0138B001AA48A /* Texturable.swift in Sources */,
				40122EC11FA01345001AA48A /* Utilities.swift in Sources */,
				40122EFD1FA01518001AA48A /* LandscapeScene.swift in Sources */,
				40122EEA1FA0138B001AA48A /* Node.swift in Sources */,
				40122EF41FA01420001AA48A /* Renderer.swift in Sources */,
				40122EFC1FA01518001AA48A /* Scene.swift in Sources */,
				40122EFE1FA01518001AA48A /* GameOverScene.swift in Sources */,
				40122EE61FA0138B001AA48A /* Cube.swift in Sources */,
				40122EBF1FA00B29001AA48A /* MatrixMath.swift in Sources */,
				40BA3A611F9F4A3E0086825F /* AppDelegate.swift in Sources */,
				40122EF21FA01420001AA48A /* Shader.metal in Sources */,
				40122F001FA01518001AA48A /* GameScene.swift in Sources */,
				40122F011FA01518001AA48A /* CrowdScene.swift in Sources */,
				40122F021FA01518001AA48A /* LightingScene.swift in Sources */,
				40122EE71FA0138B001AA48A /* Primitive.swift in Sources */,
				40122EEB1FA0138B001AA48A /* Camera.swift in Sources */,
				40122EE81FA0138B001AA48A /* Plane.swift in Sources */,
				40122EEE1FA0138B001AA48A /* Instance.swift in Sources */,
				40122EED1FA0138B001AA48A /* Renderable.swift in Sources */,
			);
			runOnlyForDeploymentPostprocessing = 0;
		};
		40BA3A6D1F9F4A3E0086825F /* Sources */ = {
			isa = PBXSourcesBuildPhase;
			buildActionMask = 2147483647;
			files = (
				40BA3A761F9F4A3E0086825F /* Metal3DEngineDemoTests.swift in Sources */,
			);
			runOnlyForDeploymentPostprocessing = 0;
		};
		40BA3A781F9F4A3E0086825F /* Sources */ = {
			isa = PBXSourcesBuildPhase;
			buildActionMask = 2147483647;
			files = (
				40BA3A811F9F4A3E0086825F /* Metal3DEngineDemoUITests.swift in Sources */,
			);
			runOnlyForDeploymentPostprocessing = 0;
		};
/* End PBXSourcesBuildPhase section */

/* Begin PBXTargetDependency section */
		40BA3A731F9F4A3E0086825F /* PBXTargetDependency */ = {
			isa = PBXTargetDependency;
			target = 40BA3A5C1F9F4A3E0086825F /* Metal3DEngineDemo */;
			targetProxy = 40BA3A721F9F4A3E0086825F /* PBXContainerItemProxy */;
		};
		40BA3A7E1F9F4A3E0086825F /* PBXTargetDependency */ = {
			isa = PBXTargetDependency;
			target = 40BA3A5C1F9F4A3E0086825F /* Metal3DEngineDemo */;
			targetProxy = 40BA3A7D1F9F4A3E0086825F /* PBXContainerItemProxy */;
		};
/* End PBXTargetDependency section */

/* Begin PBXVariantGroup section */
		40BA3A641F9F4A3E0086825F /* Main.storyboard */ = {
			isa = PBXVariantGroup;
			children = (
				40BA3A651F9F4A3E0086825F /* Base */,
			);
			name = Main.storyboard;
			sourceTree = "<group>";
		};
		40BA3A691F9F4A3E0086825F /* LaunchScreen.storyboard */ = {
			isa = PBXVariantGroup;
			children = (
				40BA3A6A1F9F4A3E0086825F /* Base */,
			);
			name = LaunchScreen.storyboard;
			sourceTree = "<group>";
		};
/* End PBXVariantGroup section */

/* Begin XCBuildConfiguration section */
		40BA3A831F9F4A3E0086825F /* Debug */ = {
			isa = XCBuildConfiguration;
			buildSettings = {
				ALWAYS_SEARCH_USER_PATHS = NO;
				CLANG_ANALYZER_NONNULL = YES;
				CLANG_ANALYZER_NUMBER_OBJECT_CONVERSION = YES_AGGRESSIVE;
				CLANG_CXX_LANGUAGE_STANDARD = "gnu++14";
				CLANG_CXX_LIBRARY = "libc++";
				CLANG_ENABLE_MODULES = YES;
				CLANG_ENABLE_OBJC_ARC = YES;
				CLANG_WARN_BLOCK_CAPTURE_AUTORELEASING = YES;
				CLANG_WARN_BOOL_CONVERSION = YES;
				CLANG_WARN_COMMA = YES;
				CLANG_WARN_CONSTANT_CONVERSION = YES;
				CLANG_WARN_DIRECT_OBJC_ISA_USAGE = YES_ERROR;
				CLANG_WARN_DOCUMENTATION_COMMENTS = YES;
				CLANG_WARN_EMPTY_BODY = YES;
				CLANG_WARN_ENUM_CONVERSION = YES;
				CLANG_WARN_INFINITE_RECURSION = YES;
				CLANG_WARN_INT_CONVERSION = YES;
				CLANG_WARN_NON_LITERAL_NULL_CONVERSION = YES;
				CLANG_WARN_OBJC_LITERAL_CONVERSION = YES;
				CLANG_WARN_OBJC_ROOT_CLASS = YES_ERROR;
				CLANG_WARN_RANGE_LOOP_ANALYSIS = YES;
				CLANG_WARN_STRICT_PROTOTYPES = YES;
				CLANG_WARN_SUSPICIOUS_MOVE = YES;
				CLANG_WARN_UNGUARDED_AVAILABILITY = YES_AGGRESSIVE;
				CLANG_WARN_UNREACHABLE_CODE = YES;
				CLANG_WARN__DUPLICATE_METHOD_MATCH = YES;
				CODE_SIGN_IDENTITY = "iPhone Developer";
				COPY_PHASE_STRIP = NO;
				DEBUG_INFORMATION_FORMAT = dwarf;
				ENABLE_STRICT_OBJC_MSGSEND = YES;
				ENABLE_TESTABILITY = YES;
				GCC_C_LANGUAGE_STANDARD = gnu11;
				GCC_DYNAMIC_NO_PIC = NO;
				GCC_NO_COMMON_BLOCKS = YES;
				GCC_OPTIMIZATION_LEVEL = 0;
				GCC_PREPROCESSOR_DEFINITIONS = (
					"DEBUG=1",
					"$(inherited)",
				);
				GCC_WARN_64_TO_32_BIT_CONVERSION = YES;
				GCC_WARN_ABOUT_RETURN_TYPE = YES_ERROR;
				GCC_WARN_UNDECLARED_SELECTOR = YES;
				GCC_WARN_UNINITIALIZED_AUTOS = YES_AGGRESSIVE;
				GCC_WARN_UNUSED_FUNCTION = YES;
				GCC_WARN_UNUSED_VARIABLE = YES;
				IPHONEOS_DEPLOYMENT_TARGET = 11.0;
				MTL_ENABLE_DEBUG_INFO = YES;
				ONLY_ACTIVE_ARCH = YES;
				SDKROOT = iphoneos;
				SWIFT_ACTIVE_COMPILATION_CONDITIONS = DEBUG;
				SWIFT_OPTIMIZATION_LEVEL = "-Onone";
			};
			name = Debug;
		};
		40BA3A841F9F4A3E0086825F /* Release */ = {
			isa = XCBuildConfiguration;
			buildSettings = {
				ALWAYS_SEARCH_USER_PATHS = NO;
				CLANG_ANALYZER_NONNULL = YES;
				CLANG_ANALYZER_NUMBER_OBJECT_CONVERSION = YES_AGGRESSIVE;
				CLANG_CXX_LANGUAGE_STANDARD = "gnu++14";
				CLANG_CXX_LIBRARY = "libc++";
				CLANG_ENABLE_MODULES = YES;
				CLANG_ENABLE_OBJC_ARC = YES;
				CLANG_WARN_BLOCK_CAPTURE_AUTORELEASING = YES;
				CLANG_WARN_BOOL_CONVERSION = YES;
				CLANG_WARN_COMMA = YES;
				CLANG_WARN_CONSTANT_CONVERSION = YES;
				CLANG_WARN_DIRECT_OBJC_ISA_USAGE = YES_ERROR;
				CLANG_WARN_DOCUMENTATION_COMMENTS = YES;
				CLANG_WARN_EMPTY_BODY = YES;
				CLANG_WARN_ENUM_CONVERSION = YES;
				CLANG_WARN_INFINITE_RECURSION = YES;
				CLANG_WARN_INT_CONVERSION = YES;
				CLANG_WARN_NON_LITERAL_NULL_CONVERSION = YES;
				CLANG_WARN_OBJC_LITERAL_CONVERSION = YES;
				CLANG_WARN_OBJC_ROOT_CLASS = YES_ERROR;
				CLANG_WARN_RANGE_LOOP_ANALYSIS = YES;
				CLANG_WARN_STRICT_PROTOTYPES = YES;
				CLANG_WARN_SUSPICIOUS_MOVE = YES;
				CLANG_WARN_UNGUARDED_AVAILABILITY = YES_AGGRESSIVE;
				CLANG_WARN_UNREACHABLE_CODE = YES;
				CLANG_WARN__DUPLICATE_METHOD_MATCH = YES;
				CODE_SIGN_IDENTITY = "iPhone Developer";
				COPY_PHASE_STRIP = NO;
				DEBUG_INFORMATION_FORMAT = "dwarf-with-dsym";
				ENABLE_NS_ASSERTIONS = NO;
				ENABLE_STRICT_OBJC_MSGSEND = YES;
				GCC_C_LANGUAGE_STANDARD = gnu11;
				GCC_NO_COMMON_BLOCKS = YES;
				GCC_WARN_64_TO_32_BIT_CONVERSION = YES;
				GCC_WARN_ABOUT_RETURN_TYPE = YES_ERROR;
				GCC_WARN_UNDECLARED_SELECTOR = YES;
				GCC_WARN_UNINITIALIZED_AUTOS = YES_AGGRESSIVE;
				GCC_WARN_UNUSED_FUNCTION = YES;
				GCC_WARN_UNUSED_VARIABLE = YES;
				IPHONEOS_DEPLOYMENT_TARGET = 11.0;
				MTL_ENABLE_DEBUG_INFO = NO;
				SDKROOT = iphoneos;
				SWIFT_OPTIMIZATION_LEVEL = "-Owholemodule";
				VALIDATE_PRODUCT = YES;
			};
			name = Release;
		};
		40BA3A861F9F4A3E0086825F /* Debug */ = {
			isa = XCBuildConfiguration;
			buildSettings = {
				ASSETCATALOG_COMPILER_APPICON_NAME = AppIcon;
				CODE_SIGN_STYLE = Automatic;
				DEVELOPMENT_TEAM = 5LG2U242MJ;
				INFOPLIST_FILE = Metal3DEngineDemo/Info.plist;
				LD_RUNPATH_SEARCH_PATHS = "$(inherited) @executable_path/Frameworks";
				PRODUCT_BUNDLE_IDENTIFIER = com.zangqilong.Metal3DEngineDemo;
				PRODUCT_NAME = "$(TARGET_NAME)";
				SWIFT_VERSION = 4.0;
				TARGETED_DEVICE_FAMILY = "1,2";
			};
			name = Debug;
		};
		40BA3A871F9F4A3E0086825F /* Release */ = {
			isa = XCBuildConfiguration;
			buildSettings = {
				ASSETCATALOG_COMPILER_APPICON_NAME = AppIcon;
				CODE_SIGN_STYLE = Automatic;
				DEVELOPMENT_TEAM = 5LG2U242MJ;
				INFOPLIST_FILE = Metal3DEngineDemo/Info.plist;
				LD_RUNPATH_SEARCH_PATHS = "$(inherited) @executable_path/Frameworks";
				PRODUCT_BUNDLE_IDENTIFIER = com.zangqilong.Metal3DEngineDemo;
				PRODUCT_NAME = "$(TARGET_NAME)";
				SWIFT_VERSION = 4.0;
				TARGETED_DEVICE_FAMILY = "1,2";
			};
			name = Release;
		};
		40BA3A891F9F4A3E0086825F /* Debug */ = {
			isa = XCBuildConfiguration;
			buildSettings = {
				ALWAYS_EMBED_SWIFT_STANDARD_LIBRARIES = YES;
				BUNDLE_LOADER = "$(TEST_HOST)";
				CODE_SIGN_STYLE = Automatic;
				INFOPLIST_FILE = Metal3DEngineDemoTests/Info.plist;
				LD_RUNPATH_SEARCH_PATHS = "$(inherited) @executable_path/Frameworks @loader_path/Frameworks";
				PRODUCT_BUNDLE_IDENTIFIER = com.zangqilong.Metal3DEngineDemoTests;
				PRODUCT_NAME = "$(TARGET_NAME)";
				SWIFT_VERSION = 4.0;
				TARGETED_DEVICE_FAMILY = "1,2";
				TEST_HOST = "$(BUILT_PRODUCTS_DIR)/Metal3DEngineDemo.app/Metal3DEngineDemo";
			};
			name = Debug;
		};
		40BA3A8A1F9F4A3E0086825F /* Release */ = {
			isa = XCBuildConfiguration;
			buildSettings = {
				ALWAYS_EMBED_SWIFT_STANDARD_LIBRARIES = YES;
				BUNDLE_LOADER = "$(TEST_HOST)";
				CODE_SIGN_STYLE = Automatic;
				INFOPLIST_FILE = Metal3DEngineDemoTests/Info.plist;
				LD_RUNPATH_SEARCH_PATHS = "$(inherited) @executable_path/Frameworks @loader_path/Frameworks";
				PRODUCT_BUNDLE_IDENTIFIER = com.zangqilong.Metal3DEngineDemoTests;
				PRODUCT_NAME = "$(TARGET_NAME)";
				SWIFT_VERSION = 4.0;
				TARGETED_DEVICE_FAMILY = "1,2";
				TEST_HOST = "$(BUILT_PRODUCTS_DIR)/Metal3DEngineDemo.app/Metal3DEngineDemo";
			};
			name = Release;
		};
		40BA3A8C1F9F4A3E0086825F /* Debug */ = {
			isa = XCBuildConfiguration;
			buildSettings = {
				ALWAYS_EMBED_SWIFT_STANDARD_LIBRARIES = YES;
				CODE_SIGN_STYLE = Automatic;
				INFOPLIST_FILE = Metal3DEngineDemoUITests/Info.plist;
				LD_RUNPATH_SEARCH_PATHS = "$(inherited) @executable_path/Frameworks @loader_path/Frameworks";
				PRODUCT_BUNDLE_IDENTIFIER = com.zangqilong.Metal3DEngineDemoUITests;
				PRODUCT_NAME = "$(TARGET_NAME)";
				SWIFT_VERSION = 4.0;
				TARGETED_DEVICE_FAMILY = "1,2";
				TEST_TARGET_NAME = Metal3DEngineDemo;
			};
			name = Debug;
		};
		40BA3A8D1F9F4A3E0086825F /* Release */ = {
			isa = XCBuildConfiguration;
			buildSettings = {
				ALWAYS_EMBED_SWIFT_STANDARD_LIBRARIES = YES;
				CODE_SIGN_STYLE = Automatic;
				INFOPLIST_FILE = Metal3DEngineDemoUITests/Info.plist;
				LD_RUNPATH_SEARCH_PATHS = "$(inherited) @executable_path/Frameworks @loader_path/Frameworks";
				PRODUCT_BUNDLE_IDENTIFIER = com.zangqilong.Metal3DEngineDemoUITests;
				PRODUCT_NAME = "$(TARGET_NAME)";
				SWIFT_VERSION = 4.0;
				TARGETED_DEVICE_FAMILY = "1,2";
				TEST_TARGET_NAME = Metal3DEngineDemo;
			};
			name = Release;
		};
/* End XCBuildConfiguration section */

/* Begin XCConfigurationList section */
		40BA3A581F9F4A3E0086825F /* Build configuration list for PBXProject "Metal3DEngineDemo" */ = {
			isa = XCConfigurationList;
			buildConfigurations = (
				40BA3A831F9F4A3E0086825F /* Debug */,
				40BA3A841F9F4A3E0086825F /* Release */,
			);
			defaultConfigurationIsVisible = 0;
			defaultConfigurationName = Release;
		};
		40BA3A851F9F4A3E0086825F /* Build configuration list for PBXNativeTarget "Metal3DEngineDemo" */ = {
			isa = XCConfigurationList;
			buildConfigurations = (
				40BA3A861F9F4A3E0086825F /* Debug */,
				40BA3A871F9F4A3E0086825F /* Release */,
			);
			defaultConfigurationIsVisible = 0;
			defaultConfigurationName = Release;
		};
		40BA3A881F9F4A3E0086825F /* Build configuration list for PBXNativeTarget "Metal3DEngineDemoTests" */ = {
			isa = XCConfigurationList;
			buildConfigurations = (
				40BA3A891F9F4A3E0086825F /* Debug */,
				40BA3A8A1F9F4A3E0086825F /* Release */,
			);
			defaultConfigurationIsVisible = 0;
			defaultConfigurationName = Release;
		};
		40BA3A8B1F9F4A3E0086825F /* Build configuration list for PBXNativeTarget "Metal3DEngineDemoUITests" */ = {
			isa = XCConfigurationList;
			buildConfigurations = (
				40BA3A8C1F9F4A3E0086825F /* Debug */,
				40BA3A8D1F9F4A3E0086825F /* Release */,
			);
			defaultConfigurationIsVisible = 0;
			defaultConfigurationName = Release;
		};
/* End XCConfigurationList section */
	};
	rootObject = 40BA3A551F9F4A3E0086825F /* Project object */;
}
